
Microsoft Visual Studio Solution File, Format Version 12.00
# Visual Studio Version 16
VisualStudioVersion = 16.0.30413.136
MinimumVisualStudioVersion = 10.0.40219.1
Project("{888888A0-9F3D-457C-B088-3A5042F75D52}") = "slovari", "slovari.pyproj", "{138D66D0-9A9E-4EBC-871D-8725BA10A570}"
EndProject
Global
	GlobalSection(SolutionConfigurationPlatforms) = preSolution
		Debug|Any CPU = Debug|Any CPU
		Release|Any CPU = Release|Any CPU
	EndGlobalSection
	GlobalSection(ProjectConfigurationPlatforms) = postSolution
		{138D66D0-9A9E-4EBC-871D-8725BA10A570}.Debug|Any CPU.ActiveCfg = Debug|Any CPU
		{138D66D0-9A9E-4EBC-871D-8725BA10A570}.Release|Any CPU.ActiveCfg = Release|Any CPU
	EndGlobalSection
	GlobalSection(SolutionProperties) = preSolution
		HideSolutionNode = FALSE
	EndGlobalSection
	GlobalSection(ExtensibilityGlobals) = postSolution
		SolutionGuid = {DBCEB676-B48A-4FE4-82DC-2A6F37E2E79D}
	EndGlobalSection
EndGlobal
